
Microsoft Visual Studio Solution File, Format Version 12.00
# Visual Studio Version 17
VisualStudioVersion = 17.3.32901.215
MinimumVisualStudioVersion = 10.0.40219.1
Project("{FAE04EC0-301F-11D3-BF4B-00C04F79EFBC}") = "Activity2", "Activity2.csproj", "{AABFA079-518F-470A-8C82-75F468FBC555}"
EndProject
Global
	GlobalSection(SolutionConfigurationPlatforms) = preSolution
		Debug|Any CPU = Debug|Any CPU
		Release|Any CPU = Release|Any CPU
	EndGlobalSection
	GlobalSection(ProjectConfigurationPlatforms) = postSolution
		{AABFA079-518F-470A-8C82-75F468FBC555}.Debug|Any CPU.ActiveCfg = Debug|Any CPU
		{AABFA079-518F-470A-8C82-75F468FBC555}.Debug|Any CPU.Build.0 = Debug|Any CPU
		{AABFA079-518F-470A-8C82-75F468FBC555}.Release|Any CPU.ActiveCfg = Release|Any CPU
		{AABFA079-518F-470A-8C82-75F468FBC555}.Release|Any CPU.Build.0 = Release|Any CPU
	EndGlobalSection
	GlobalSection(SolutionProperties) = preSolution
		HideSolutionNode = FALSE
	EndGlobalSection
	GlobalSection(ExtensibilityGlobals) = postSolution
		SolutionGuid = {42AC5EB3-37A4-4FD5-A972-776CD4740655}
	EndGlobalSection
EndGlobal
